Microsoft Visual Studio Solution File, Format Version 12.00
# Visual Studio Version 17
VisualStudioVersion = 17.7.34009.444
MinimumVisualStudioVersion = 10.0.40219.1
Project("{FAE04EC0-301F-11D3-BF4B-00C04F79EFBC}") = "Webservices", "Webservices.csproj", "{827E5B6E-9291-42CC-9B8E-6E99C7147303}"
EndProject
Global
	GlobalSection(SolutionConfigurationPlatforms) = preSolution
		Debug|Any CPU = Debug|Any CPU
		Debug|x64 = Debug|x64
		Release|Any CPU = Release|Any CPU
		Release|x64 = Release|x64
	EndGlobalSection
	GlobalSection(ProjectConfigurationPlatforms) = postSolution
		{827E5B6E-9291-42CC-9B8E-6E99C7147303}.Debug|Any CPU.ActiveCfg = Debug|Any CPU
		{827E5B6E-9291-42CC-9B8E-6E99C7147303}.Debug|Any CPU.Build.0 = Debug|Any CPU
		{827E5B6E-9291-42CC-9B8E-6E99C7147303}.Debug|x64.ActiveCfg = Debug|x64
		{827E5B6E-9291-42CC-9B8E-6E99C7147303}.Debug|x64.Build.0 = Debug|x64
		{827E5B6E-9291-42CC-9B8E-6E99C7147303}.Release|Any CPU.ActiveCfg = Release|Any CPU
		{827E5B6E-9291-42CC-9B8E-6E99C7147303}.Release|Any CPU.Build.0 = Release|Any CPU
		{827E5B6E-9291-42CC-9B8E-6E99C7147303}.Release|x64.ActiveCfg = Release|x64
		{827E5B6E-9291-42CC-9B8E-6E99C7147303}.Release|x64.Build.0 = Release|x64
	EndGlobalSection
	GlobalSection(SolutionProperties) = preSolution
		HideSolutionNode = FALSE
	EndGlobalSection
EndGlobal
